// !$*UTF8*$!
{
	archiveVersion = 1;
	classes = {
	};
	objectVersion = 50;
	objects = {

/* Begin PBXBuildFile section */
		0FDB2445223B29EA0061CC87 /* AppDelegate.swift in Sources */ = {isa = PBXBuildFile; fileRef = 0FDB2444223B29EA0061CC87 /* AppDelegate.swift */; };
		0FDB2447223B29EA0061CC87 /* ViewController.swift in Sources */ = {isa = PBXBuildFile; fileRef = 0FDB2446223B29EA0061CC87 /* ViewController.swift */; };
		0FDB244A223B29EA0061CC87 /* Main.storyboard in Resources */ = {isa = PBXBuildFile; fileRef = 0FDB2448223B29EA0061CC87 /* Main.storyboard */; };
		0FDB244C223B29EC0061CC87 /* Assets.xcassets in Resources */ = {isa = PBXBuildFile; fileRef = 0FDB244B223B29EC0061CC87 /* Assets.xcassets */; };
		0FDB244F223B29EC0061CC87 /* LaunchScreen.storyboard in Resources */ = {isa = PBXBuildFile; fileRef = 0FDB244D223B29EC0061CC87 /* LaunchScreen.storyboard */; };
		15A374B9F6AA061338F2E745 /* Pods_amplify_permissions_test1.framework in Frameworks */ = {isa = PBXBuildFile; fileRef = 7FA30614E17AADAE2C9A1E82 /* Pods_amplify_permissions_test1.framework */; };
/* End PBXBuildFile section */

/* Begin PBXFileReference section */
		0FDB2441223B29EA0061CC87 /* amplify-permissions-test1.app */ = {isa = PBXFileReference; explicitFileType = wrapper.application; includeInIndex = 0; path = "amplify-permissions-test1.app"; sourceTree = BUILT_PRODUCTS_DIR; };
		0FDB2444223B29EA0061CC87 /* AppDelegate.swift */ = {isa = PBXFileReference; lastKnownFileType = sourcecode.swift; path = AppDelegate.swift; sourceTree = "<group>"; };
		0FDB2446223B29EA0061CC87 /* ViewController.swift */ = {isa = PBXFileReference; lastKnownFileType = sourcecode.swift; path = ViewController.swift; sourceTree = "<group>"; };
		0FDB2449223B29EA0061CC87 /* Base */ = {isa = PBXFileReference; lastKnownFileType = file.storyboard; name = Base; path = Base.lproj/Main.storyboard; sourceTree = "<group>"; };
		0FDB244B223B29EC0061CC87 /* Assets.xcassets */ = {isa = PBXFileReference; lastKnownFileType = folder.assetcatalog; path = Assets.xcassets; sourceTree = "<group>"; };
		0FDB244E223B29EC0061CC87 /* Base */ = {isa = PBXFileReference; lastKnownFileType = file.storyboard; name = Base; path = Base.lproj/LaunchScreen.storyboard; sourceTree = "<group>"; };
		0FDB2450223B29EC0061CC87 /* Info.plist */ = {isa = PBXFileReference; lastKnownFileType = text.plist.xml; path = Info.plist; sourceTree = "<group>"; };
		4257B7287CFEB9787924EAFF /* Pods-amplify-permissions-test1.release.xcconfig */ = {isa = PBXFileReference; includeInIndex = 1; lastKnownFileType = text.xcconfig; name = "Pods-amplify-permissions-test1.release.xcconfig"; path = "Target Support Files/Pods-amplify-permissions-test1/Pods-amplify-permissions-test1.release.xcconfig"; sourceTree = "<group>"; };
		7FA30614E17AADAE2C9A1E82 /* Pods_amplify_permissions_test1.framework */ = {isa = PBXFileReference; explicitFileType = wrapper.framework; includeInIndex = 0; path = Pods_amplify_permissions_test1.framework; sourceTree = BUILT_PRODUCTS_DIR; };
		D21BA66E1A46EF44DF49BC47 /* Pods-amplify-permissions-test1.debug.xcconfig */ = {isa = PBXFileReference; includeInIndex = 1; lastKnownFileType = text.xcconfig; name = "Pods-amplify-permissions-test1.debug.xcconfig"; path = "Target Support Files/Pods-amplify-permissions-test1/Pods-amplify-permissions-test1.debug.xcconfig"; sourceTree = "<group>"; };
/* End PBXFileReference section */

/* Begin PBXFrameworksBuildPhase section */
		0FDB243E223B29EA0061CC87 /* Frameworks */ = {
			isa = PBXFrameworksBuildPhase;
			buildActionMask = 2147483647;
			files = (
				15A374B9F6AA061338F2E745 /* Pods_amplify_permissions_test1.framework in Frameworks */,
			);
			runOnlyForDeploymentPostprocessing = 0;
		};
/* End PBXFrameworksBuildPhase section */

/* Begin PBXGroup section */
		0FDB2438223B29EA0061CC87 = {
			isa = PBXGroup;
			children = (
				0FDB2443223B29EA0061CC87 /* amplify-permissions-test1 */,
				0FDB2442223B29EA0061CC87 /* Products */,
				836A22B331E303F66052E200 /* Pods */,
				609FF784640A5DEC0BDCCF5F /* Frameworks */,
			);
			sourceTree = "<group>";
		};
		0FDB2442223B29EA0061CC87 /* Products */ = {
			isa = PBXGroup;
			children = (
				0FDB2441223B29EA0061CC87 /* amplify-permissions-test1.app */,
			);
			name = Products;
			sourceTree = "<group>";
		};
		0FDB2443223B29EA0061CC87 /* amplify-permissions-test1 */ = {
			isa = PBXGroup;
			children = (
				0FDB2444223B29EA0061CC87 /* AppDelegate.swift */,
				0FDB2446223B29EA0061CC87 /* ViewController.swift */,
				0FDB2448223B29EA0061CC87 /* Main.storyboard */,
				0FDB244B223B29EC0061CC87 /* Assets.xcassets */,
				0FDB244D223B29EC0061CC87 /* LaunchScreen.storyboard */,
				0FDB2450223B29EC0061CC87 /* Info.plist */,
			);
			path = "amplify-permissions-test1";
			sourceTree = "<group>";
		};
		609FF784640A5DEC0BDCCF5F /* Frameworks */ = {
			isa = PBXGroup;
			children = (
				7FA30614E17AADAE2C9A1E82 /* Pods_amplify_permissions_test1.framework */,
			);
			name = Frameworks;
			sourceTree = "<group>";
		};
		836A22B331E303F66052E200 /* Pods */ = {
			isa = PBXGroup;
			children = (
				D21BA66E1A46EF44DF49BC47 /* Pods-amplify-permissions-test1.debug.xcconfig */,
				4257B7287CFEB9787924EAFF /* Pods-amplify-permissions-test1.release.xcconfig */,
			);
			name = Pods;
			path = Pods;
			sourceTree = "<group>";
		};
/* End PBXGroup section */

/* Begin PBXNativeTarget section */
		0FDB2440223B29EA0061CC87 /* amplify-permissions-test1 */ = {
			isa = PBXNativeTarget;
			buildConfigurationList = 0FDB2453223B29EC0061CC87 /* Build configuration list for PBXNativeTarget "amplify-permissions-test1" */;
			buildPhases = (
				C2EBC394C6435CA32BFB0184 /* [CP] Check Pods Manifest.lock */,
				0FDB243D223B29EA0061CC87 /* Sources */,
				0FDB243E223B29EA0061CC87 /* Frameworks */,
				0FDB243F223B29EA0061CC87 /* Resources */,
				9447F54B0D44F29DCB31EE87 /* [CP] Embed Pods Frameworks */,
			);
			buildRules = (
			);
			dependencies = (
			);
			name = "amplify-permissions-test1";
			productName = "amplify-permissions-test1";
			productReference = 0FDB2441223B29EA0061CC87 /* amplify-permissions-test1.app */;
			productType = "com.apple.product-type.application";
		};
/* End PBXNativeTarget section */

/* Begin PBXProject section */
		0FDB2439223B29EA0061CC87 /* Project object */ = {
			isa = PBXProject;
			attributes = {
				LastSwiftUpdateCheck = 1010;
				LastUpgradeCheck = 1010;
				ORGANIZATIONNAME = "Skookum, Inc.";
				TargetAttributes = {
					0FDB2440223B29EA0061CC87 = {
						CreatedOnToolsVersion = 10.1;
					};
				};
			};
			buildConfigurationList = 0FDB243C223B29EA0061CC87 /* Build configuration list for PBXProject "amplify-permissions-test1" */;
			compatibilityVersion = "Xcode 9.3";
			developmentRegion = en;
			hasScannedForEncodings = 0;
			knownRegions = (
				en,
				Base,
			);
			mainGroup = 0FDB2438223B29EA0061CC87;
			productRefGroup = 0FDB2442223B29EA0061CC87 /* Products */;
			projectDirPath = "";
			projectRoot = "";
			targets = (
				0FDB2440223B29EA0061CC87 /* amplify-permissions-test1 */,
			);
		};
/* End PBXProject section */

/* Begin PBXResourcesBuildPhase section */
		0FDB243F223B29EA0061CC87 /* Resources */ = {
			isa = PBXResourcesBuildPhase;
			buildActionMask = 2147483647;
			files = (
				0FDB244F223B29EC0061CC87 /* LaunchScreen.storyboard in Resources */,
				0FDB244C223B29EC0061CC87 /* Assets.xcassets in Resources */,
				0FDB244A223B29EA0061CC87 /* Main.storyboard in Resources */,
			);
			runOnlyForDeploymentPostprocessing = 0;
		};
/* End PBXResourcesBuildPhase section */

/* Begin PBXShellScriptBuildPhase section */
		9447F54B0D44F29DCB31EE87 /* [CP] Embed Pods Frameworks */ = {
			isa = PBXShellScriptBuildPhase;
			buildActionMask = 2147483647;
			files = (
			);
			inputFileListPaths = (
			);
			inputPaths = (
				"${PODS_ROOT}/Target Support Files/Pods-amplify-permissions-test1/Pods-amplify-permissions-test1-frameworks.sh",
				"${BUILT_PRODUCTS_DIR}/AWSAppSync/AWSAppSync.framework",
				"${BUILT_PRODUCTS_DIR}/AWSAuthCore/AWSAuthCore.framework",
				"${BUILT_PRODUCTS_DIR}/AWSAuthUI/AWSAuthUI.framework",
				"${BUILT_PRODUCTS_DIR}/AWSCognitoIdentityProvider/AWSCognitoIdentityProvider.framework",
				"${BUILT_PRODUCTS_DIR}/AWSCognitoIdentityProviderASF/AWSCognitoIdentityProviderASF.framework",
				"${BUILT_PRODUCTS_DIR}/AWSCore/AWSCore.framework",
				"${BUILT_PRODUCTS_DIR}/AWSMobileClient/AWSMobileClient.framework",
				"${BUILT_PRODUCTS_DIR}/AWSUserPoolsSignIn/AWSUserPoolsSignIn.framework",
				"${BUILT_PRODUCTS_DIR}/ReachabilitySwift/Reachability.framework",
				"${BUILT_PRODUCTS_DIR}/SQLite.swift/SQLite.framework",
			);
			name = "[CP] Embed Pods Frameworks";
			outputFileListPaths = (
			);
			outputPaths = (
				"${TARGET_BUILD_DIR}/${FRAMEWORKS_FOLDER_PATH}/AWSAppSync.framework",
				"${TARGET_BUILD_DIR}/${FRAMEWORKS_FOLDER_PATH}/AWSAuthCore.framework",
				"${TARGET_BUILD_DIR}/${FRAMEWORKS_FOLDER_PATH}/AWSAuthUI.framework",
				"${TARGET_BUILD_DIR}/${FRAMEWORKS_FOLDER_PATH}/AWSCognitoIdentityProvider.framework",
				"${TARGET_BUILD_DIR}/${FRAMEWORKS_FOLDER_PATH}/AWSCognitoIdentityProviderASF.framework",
				"${TARGET_BUILD_DIR}/${FRAMEWORKS_FOLDER_PATH}/AWSCore.framework",
				"${TARGET_BUILD_DIR}/${FRAMEWORKS_FOLDER_PATH}/AWSMobileClient.framework",
				"${TARGET_BUILD_DIR}/${FRAMEWORKS_FOLDER_PATH}/AWSUserPoolsSignIn.framework",
				"${TARGET_BUILD_DIR}/${FRAMEWORKS_FOLDER_PATH}/Reachability.framework",
				"${TARGET_BUILD_DIR}/${FRAMEWORKS_FOLDER_PATH}/SQLite.framework",
			);
			runOnlyForDeploymentPostprocessing = 0;
			shellPath = /bin/sh;
			shellScript = "\"${PODS_ROOT}/Target Support Files/Pods-amplify-permissions-test1/Pods-amplify-permissions-test1-frameworks.sh\"\n";
			showEnvVarsInLog = 0;
		};
		C2EBC394C6435CA32BFB0184 /* [CP] Check Pods Manifest.lock */ = {
			isa = PBXShellScriptBuildPhase;
			buildActionMask = 2147483647;
			files = (
			);
			inputFileListPaths = (
			);
			inputPaths = (
				"${PODS_PODFILE_DIR_PATH}/Podfile.lock",
				"${PODS_ROOT}/Manifest.lock",
			);
			name = "[CP] Check Pods Manifest.lock";
			outputFileListPaths = (
			);
			outputPaths = (
				"$(DERIVED_FILE_DIR)/Pods-amplify-permissions-test1-checkManifestLockResult.txt",
			);
			runOnlyForDeploymentPostprocessing = 0;
			shellPath = /bin/sh;
			shellScript = "diff \"${PODS_PODFILE_DIR_PATH}/Podfile.lock\" \"${PODS_ROOT}/Manifest.lock\" > /dev/null\nif [ $? != 0 ] ; then\n    # print error to STDERR\n    echo \"error: The sandbox is not in sync with the Podfile.lock. Run 'pod install' or update your CocoaPods installation.\" >&2\n    exit 1\nfi\n# This output is used by Xcode 'outputs' to avoid re-running this script phase.\necho \"SUCCESS\" > \"${SCRIPT_OUTPUT_FILE_0}\"\n";
			showEnvVarsInLog = 0;
		};
/* End PBXShellScriptBuildPhase section */

/* Begin PBXSourcesBuildPhase section */
		0FDB243D223B29EA0061CC87 /* Sources */ = {
			isa = PBXSourcesBuildPhase;
			buildActionMask = 2147483647;
			files = (
				0FDB2447223B29EA0061CC87 /* ViewController.swift in Sources */,
				0FDB2445223B29EA0061CC87 /* AppDelegate.swift in Sources */,
			);
			runOnlyForDeploymentPostprocessing = 0;
		};
/* End PBXSourcesBuildPhase section */

/* Begin PBXVariantGroup section */
		0FDB2448223B29EA0061CC87 /* Main.storyboard */ = {
			isa = PBXVariantGroup;
			children = (
				0FDB2449223B29EA0061CC87 /* Base */,
			);
			name = Main.storyboard;
			sourceTree = "<group>";
		};
		0FDB244D223B29EC0061CC87 /* LaunchScreen.storyboard */ = {
			isa = PBXVariantGroup;
			children = (
				0FDB244E223B29EC0061CC87 /* Base */,
			);
			name = LaunchScreen.storyboard;
			sourceTree = "<group>";
		};
/* End PBXVariantGroup section */

/* Begin XCBuildConfiguration section */
		0FDB2451223B29EC0061CC87 /* Debug */ = {
			isa = XCBuildConfiguration;
			buildSettings = {
				ALWAYS_SEARCH_USER_PATHS = NO;
				CLANG_ANALYZER_NONNULL = YES;
				CLANG_ANALYZER_NUMBER_OBJECT_CONVERSION = YES_AGGRESSIVE;
				CLANG_CXX_LANGUAGE_STANDARD = "gnu++14";
				CLANG_CXX_LIBRARY = "libc++";
				CLANG_ENABLE_MODULES = YES;
				CLANG_ENABLE_OBJC_ARC = YES;
				CLANG_ENABLE_OBJC_WEAK = YES;
				CLANG_WARN_BLOCK_CAPTURE_AUTORELEASING = YES;
				CLANG_WARN_BOOL_CONVERSION = YES;
				CLANG_WARN_COMMA = YES;
				CLANG_WARN_CONSTANT_CONVERSION = YES;
				CLANG_WARN_DEPRECATED_OBJC_IMPLEMENTATIONS = YES;
				CLANG_WARN_DIRECT_OBJC_ISA_USAGE = YES_ERROR;
				CLANG_WARN_DOCUMENTATION_COMMENTS = YES;
				CLANG_WARN_EMPTY_BODY = YES;
				CLANG_WARN_ENUM_CONVERSION = YES;
				CLANG_WARN_INFINITE_RECURSION = YES;
				CLANG_WARN_INT_CONVERSION = YES;
				CLANG_WARN_NON_LITERAL_NULL_CONVERSION = YES;
				CLANG_WARN_OBJC_IMPLICIT_RETAIN_SELF = YES;
				CLANG_WARN_OBJC_LITERAL_CONVERSION = YES;
				CLANG_WARN_OBJC_ROOT_CLASS = YES_ERROR;
				CLANG_WARN_RANGE_LOOP_ANALYSIS = YES;
				CLANG_WARN_STRICT_PROTOTYPES = YES;
				CLANG_WARN_SUSPICIOUS_MOVE = YES;
				CLANG_WARN_UNGUARDED_AVAILABILITY = YES_AGGRESSIVE;
				CLANG_WARN_UNREACHABLE_CODE = YES;
				CLANG_WARN__DUPLICATE_METHOD_MATCH = YES;
				CODE_SIGN_IDENTITY = "iPhone Developer";
				COPY_PHASE_STRIP = NO;
				DEBUG_INFORMATION_FORMAT = dwarf;
				ENABLE_STRICT_OBJC_MSGSEND = YES;
				ENABLE_TESTABILITY = YES;
				GCC_C_LANGUAGE_STANDARD = gnu11;
				GCC_DYNAMIC_NO_PIC = NO;
				GCC_NO_COMMON_BLOCKS = YES;
				GCC_OPTIMIZATION_LEVEL = 0;
				GCC_PREPROCESSOR_DEFINITIONS = (
					"DEBUG=1",
					"$(inherited)",
				);
				GCC_WARN_64_TO_32_BIT_CONVERSION = YES;
				GCC_WARN_ABOUT_RETURN_TYPE = YES_ERROR;
				GCC_WARN_UNDECLARED_SELECTOR = YES;
				GCC_WARN_UNINITIALIZED_AUTOS = YES_AGGRESSIVE;
				GCC_WARN_UNUSED_FUNCTION = YES;
				GCC_WARN_UNUSED_VARIABLE = YES;
				IPHONEOS_DEPLOYMENT_TARGET = 12.1;
				MTL_ENABLE_DEBUG_INFO = INCLUDE_SOURCE;
				MTL_FAST_MATH = YES;
				ONLY_ACTIVE_ARCH = YES;
				SDKROOT = iphoneos;
				SWIFT_ACTIVE_COMPILATION_CONDITIONS = DEBUG;
				SWIFT_OPTIMIZATION_LEVEL = "-Onone";
			};
			name = Debug;
		};
		0FDB2452223B29EC0061CC87 /* Release */ = {
			isa = XCBuildConfiguration;
			buildSettings = {
				ALWAYS_SEARCH_USER_PATHS = NO;
				CLANG_ANALYZER_NONNULL = YES;
				CLANG_ANALYZER_NUMBER_OBJECT_CONVERSION = YES_AGGRESSIVE;
				CLANG_CXX_LANGUAGE_STANDARD = "gnu++14";
				CLANG_CXX_LIBRARY = "libc++";
				CLANG_ENABLE_MODULES = YES;
				CLANG_ENABLE_OBJC_ARC = YES;
				CLANG_ENABLE_OBJC_WEAK = YES;
				CLANG_WARN_BLOCK_CAPTURE_AUTORELEASING = YES;
				CLANG_WARN_BOOL_CONVERSION = YES;
				CLANG_WARN_COMMA = YES;
				CLANG_WARN_CONSTANT_CONVERSION = YES;
				CLANG_WARN_DEPRECATED_OBJC_IMPLEMENTATIONS = YES;
				CLANG_WARN_DIRECT_OBJC_ISA_USAGE = YES_ERROR;
				CLANG_WARN_DOCUMENTATION_COMMENTS = YES;
				CLANG_WARN_EMPTY_BODY = YES;
				CLANG_WARN_ENUM_CONVERSION = YES;
				CLANG_WARN_INFINITE_RECURSION = YES;
				CLANG_WARN_INT_CONVERSION = YES;
				CLANG_WARN_NON_LITERAL_NULL_CONVERSION = YES;
				CLANG_WARN_OBJC_IMPLICIT_RETAIN_SELF = YES;
				CLANG_WARN_OBJC_LITERAL_CONVERSION = YES;
				CLANG_WARN_OBJC_ROOT_CLASS = YES_ERROR;
				CLANG_WARN_RANGE_LOOP_ANALYSIS = YES;
				CLANG_WARN_STRICT_PROTOTYPES = YES;
				CLANG_WARN_SUSPICIOUS_MOVE = YES;
				CLANG_WARN_UNGUARDED_AVAILABILITY = YES_AGGRESSIVE;
				CLANG_WARN_UNREACHABLE_CODE = YES;
				CLANG_WARN__DUPLICATE_METHOD_MATCH = YES;
				CODE_SIGN_IDENTITY = "iPhone Developer";
				COPY_PHASE_STRIP = NO;
				DEBUG_INFORMATION_FORMAT = "dwarf-with-dsym";
				ENABLE_NS_ASSERTIONS = NO;
				ENABLE_STRICT_OBJC_MSGSEND = YES;
				GCC_C_LANGUAGE_STANDARD = gnu11;
				GCC_NO_COMMON_BLOCKS = YES;
				GCC_WARN_64_TO_32_BIT_CONVERSION = YES;
				GCC_WARN_ABOUT_RETURN_TYPE = YES_ERROR;
				GCC_WARN_UNDECLARED_SELECTOR = YES;
				GCC_WARN_UNINITIALIZED_AUTOS = YES_AGGRESSIVE;
				GCC_WARN_UNUSED_FUNCTION = YES;
				GCC_WARN_UNUSED_VARIABLE = YES;
				IPHONEOS_DEPLOYMENT_TARGET = 12.1;
				MTL_ENABLE_DEBUG_INFO = NO;
				MTL_FAST_MATH = YES;
				SDKROOT = iphoneos;
				SWIFT_COMPILATION_MODE = wholemodule;
				SWIFT_OPTIMIZATION_LEVEL = "-O";
				VALIDATE_PRODUCT = YES;
			};
			name = Release;
		};
		0FDB2454223B29EC0061CC87 /* Debug */ = {
			isa = XCBuildConfiguration;
			baseConfigurationReference = D21BA66E1A46EF44DF49BC47 /* Pods-amplify-permissions-test1.debug.xcconfig */;
			buildSettings = {
				ASSETCATALOG_COMPILER_APPICON_NAME = AppIcon;
				CODE_SIGN_STYLE = Automatic;
				DEVELOPMENT_TEAM = 4948PJ93Q9;
				INFOPLIST_FILE = "amplify-permissions-test1/Info.plist";
				LD_RUNPATH_SEARCH_PATHS = (
					"$(inherited)",
					"@executable_path/Frameworks",
				);
				PRODUCT_BUNDLE_IDENTIFIER = "com.skookum.amplify-permissions-test1";
				PRODUCT_NAME = "$(TARGET_NAME)";
				SWIFT_VERSION = 4.2;
				TARGETED_DEVICE_FAMILY = "1,2";
			};
			name = Debug;
		};
		0FDB2455223B29EC0061CC87 /* Release */ = {
			isa = XCBuildConfiguration;
			baseConfigurationReference = 4257B7287CFEB9787924EAFF /* Pods-amplify-permissions-test1.release.xcconfig */;
			buildSettings = {
				ASSETCATALOG_COMPILER_APPICON_NAME = AppIcon;
				CODE_SIGN_STYLE = Automatic;
				DEVELOPMENT_TEAM = 4948PJ93Q9;
				INFOPLIST_FILE = "amplify-permissions-test1/Info.plist";
				LD_RUNPATH_SEARCH_PATHS = (
					"$(inherited)",
					"@executable_path/Frameworks",
				);
				PRODUCT_BUNDLE_IDENTIFIER = "com.skookum.amplify-permissions-test1";
				PRODUCT_NAME = "$(TARGET_NAME)";
				SWIFT_VERSION = 4.2;
				TARGETED_DEVICE_FAMILY = "1,2";
			};
			name = Release;
		};
/* End XCBuildConfiguration section */

/* Begin XCConfigurationList section */
		0FDB243C223B29EA0061CC87 /* Build configuration list for PBXProject "amplify-permissions-test1" */ = {
			isa = XCConfigurationList;
			buildConfigurations = (
				0FDB2451223B29EC0061CC87 /* Debug */,
				0FDB2452223B29EC0061CC87 /* Release */,
			);
			defaultConfigurationIsVisible = 0;
			defaultConfigurationName = Release;
		};
		0FDB2453223B29EC0061CC87 /* Build configuration list for PBXNativeTarget "amplify-permissions-test1" */ = {
			isa = XCConfigurationList;
			buildConfigurations = (
				0FDB2454223B29EC0061CC87 /* Debug */,
				0FDB2455223B29EC0061CC87 /* Release */,
			);
			defaultConfigurationIsVisible = 0;
			defaultConfigurationName = Release;
		};
/* End XCConfigurationList section */
	};
	rootObject = 0FDB2439223B29EA0061CC87 /* Project object */;
}
